
Microsoft Visual Studio Solution File, Format Version 12.00
# Visual Studio Version 16
VisualStudioVersion = 16.0.30717.126
MinimumVisualStudioVersion = 10.0.40219.1
Project("{FAE04EC0-301F-11D3-BF4B-00C04F79EFBC}") = "GodotQuickLaunch", "GodotQuickLaunch.csproj", "{3174DCA4-EA74-453D-825B-B4F976EF40EC}"
EndProject
Global
	GlobalSection(SolutionConfigurationPlatforms) = preSolution
		Debug|Any CPU = Debug|Any CPU
		Release|Any CPU = Release|Any CPU
	EndGlobalSection
	GlobalSection(ProjectConfigurationPlatforms) = postSolution
		{3174DCA4-EA74-453D-825B-B4F976EF40EC}.Debug|Any CPU.ActiveCfg = Debug|Any CPU
		{3174DCA4-EA74-453D-825B-B4F976EF40EC}.Debug|Any CPU.Build.0 = Debug|Any CPU
		{3174DCA4-EA74-453D-825B-B4F976EF40EC}.Release|Any CPU.ActiveCfg = Release|Any CPU
		{3174DCA4-EA74-453D-825B-B4F976EF40EC}.Release|Any CPU.Build.0 = Release|Any CPU
	EndGlobalSection
	GlobalSection(SolutionProperties) = preSolution
		HideSolutionNode = FALSE
	EndGlobalSection
	GlobalSection(ExtensibilityGlobals) = postSolution
		SolutionGuid = {94B3503D-B463-4AD2-B6A4-3A16CEDDCBD4}
	EndGlobalSection
EndGlobal
